
Microsoft Visual Studio Solution File, Format Version 12.00
# Visual Studio 15
VisualStudioVersion = 15.0.28307.136
MinimumVisualStudioVersion = 10.0.40219.1
Project("{FAE04EC0-301F-11D3-BF4B-00C04F79EFBC}") = "VizworxAPI", "VizworxAPI\VizworxAPI.csproj", "{68073BC1-2329-49EF-A822-3FF64A4BD7BA}"
EndProject
Project("{FAE04EC0-301F-11D3-BF4B-00C04F79EFBC}") = "VizworxAPI.Tests", "VizworxAPI.Tests\VizworxAPI.Tests.csproj", "{260AAC4B-4EC6-42E9-A23F-8740F7970264}"
EndProject
Global
	GlobalSection(SolutionConfigurationPlatforms) = preSolution
		Debug|Any CPU = Debug|Any CPU
		Release|Any CPU = Release|Any CPU
	EndGlobalSection
	GlobalSection(ProjectConfigurationPlatforms) = postSolution
		{68073BC1-2329-49EF-A822-3FF64A4BD7BA}.Debug|Any CPU.ActiveCfg = Debug|Any CPU
		{68073BC1-2329-49EF-A822-3FF64A4BD7BA}.Debug|Any CPU.Build.0 = Debug|Any CPU
		{68073BC1-2329-49EF-A822-3FF64A4BD7BA}.Release|Any CPU.ActiveCfg = Release|Any CPU
		{68073BC1-2329-49EF-A822-3FF64A4BD7BA}.Release|Any CPU.Build.0 = Release|Any CPU
		{260AAC4B-4EC6-42E9-A23F-8740F7970264}.Debug|Any CPU.ActiveCfg = Debug|Any CPU
		{260AAC4B-4EC6-42E9-A23F-8740F7970264}.Debug|Any CPU.Build.0 = Debug|Any CPU
		{260AAC4B-4EC6-42E9-A23F-8740F7970264}.Release|Any CPU.ActiveCfg = Release|Any CPU
		{260AAC4B-4EC6-42E9-A23F-8740F7970264}.Release|Any CPU.Build.0 = Release|Any CPU
	EndGlobalSection
	GlobalSection(SolutionProperties) = preSolution
		HideSolutionNode = FALSE
	EndGlobalSection
	GlobalSection(ExtensibilityGlobals) = postSolution
		SolutionGuid = {3267A85F-3A88-441A-845D-A3E4EC7C8B63}
	EndGlobalSection
EndGlobal
